
Microsoft Visual Studio Solution File, Format Version 12.00
# Visual Studio 14
VisualStudioVersion = 14.0.25420.1
MinimumVisualStudioVersion = 10.0.40219.1
Project("{FAE04EC0-301F-11D3-BF4B-00C04F79EFBC}") = "001_DataColumn", "001_DataColumn\001_DataColumn.csproj", "{B22C1DCB-9954-4888-9A04-A0DEA28C2654}"
EndProject
Project("{FAE04EC0-301F-11D3-BF4B-00C04F79EFBC}") = "002_DataRow", "002_DataRow\002_DataRow.csproj", "{AA1B7F74-C733-4285-BAEF-91444871A75B}"
EndProject
Project("{FAE04EC0-301F-11D3-BF4B-00C04F79EFBC}") = "003_TableWork", "003_TableWork\003_TableWork.csproj", "{F8F921FB-2249-4DF6-B629-AFA89F8D655D}"
EndProject
Global
	GlobalSection(SolutionConfigurationPlatforms) = preSolution
		Debug|Any CPU = Debug|Any CPU
		Release|Any CPU = Release|Any CPU
	EndGlobalSection
	GlobalSection(ProjectConfigurationPlatforms) = postSolution
		{B22C1DCB-9954-4888-9A04-A0DEA28C2654}.Debug|Any CPU.ActiveCfg = Debug|Any CPU
		{B22C1DCB-9954-4888-9A04-A0DEA28C2654}.Debug|Any CPU.Build.0 = Debug|Any CPU
		{B22C1DCB-9954-4888-9A04-A0DEA28C2654}.Release|Any CPU.ActiveCfg = Release|Any CPU
		{B22C1DCB-9954-4888-9A04-A0DEA28C2654}.Release|Any CPU.Build.0 = Release|Any CPU
		{AA1B7F74-C733-4285-BAEF-91444871A75B}.Debug|Any CPU.ActiveCfg = Debug|Any CPU
		{AA1B7F74-C733-4285-BAEF-91444871A75B}.Debug|Any CPU.Build.0 = Debug|Any CPU
		{AA1B7F74-C733-4285-BAEF-91444871A75B}.Release|Any CPU.ActiveCfg = Release|Any CPU
		{AA1B7F74-C733-4285-BAEF-91444871A75B}.Release|Any CPU.Build.0 = Release|Any CPU
		{F8F921FB-2249-4DF6-B629-AFA89F8D655D}.Debug|Any CPU.ActiveCfg = Debug|Any CPU
		{F8F921FB-2249-4DF6-B629-AFA89F8D655D}.Debug|Any CPU.Build.0 = Debug|Any CPU
		{F8F921FB-2249-4DF6-B629-AFA89F8D655D}.Release|Any CPU.ActiveCfg = Release|Any CPU
		{F8F921FB-2249-4DF6-B629-AFA89F8D655D}.Release|Any CPU.Build.0 = Release|Any CPU
	EndGlobalSection
	GlobalSection(SolutionProperties) = preSolution
		HideSolutionNode = FALSE
	EndGlobalSection
EndGlobal
