
Microsoft Visual Studio Solution File, Format Version 12.00
# Visual Studio 14
VisualStudioVersion = 14.0.25420.1
MinimumVisualStudioVersion = 10.0.40219.1
Project("{FAE04EC0-301F-11D3-BF4B-00C04F79EFBC}") = "001-Command", "Command\001-Command.csproj", "{F9917B6F-1AF5-4707-8643-C29200103963}"
EndProject
Project("{FAE04EC0-301F-11D3-BF4B-00C04F79EFBC}") = "002-ExcecuteScalarCommand", "002-ExcecuteCommand\002-ExcecuteScalarCommand.csproj", "{52E7D04E-50DC-444E-9DEA-B28113A5FE14}"
EndProject
Project("{FAE04EC0-301F-11D3-BF4B-00C04F79EFBC}") = "003_ExecuteNonQueryCommand", "003_DeleteInsertCommand\003_ExecuteNonQueryCommand.csproj", "{47DAFF39-787A-40D8-87EA-2E1A26EFA514}"
EndProject
Project("{FAE04EC0-301F-11D3-BF4B-00C04F79EFBC}") = "004_ExecuteReader(table)Commands", "004_ExecuteReader(table)Commands\004_ExecuteReader(table)Commands.csproj", "{21A44400-1586-4ED3-9ACE-283B2BCE28A7}"
EndProject
Project("{FAE04EC0-301F-11D3-BF4B-00C04F79EFBC}") = "005_ReaderWork", "ReaderWork\005_ReaderWork.csproj", "{701BFFBB-4692-4A87-BFCD-E90EDB37D019}"
EndProject
Project("{FAE04EC0-301F-11D3-BF4B-00C04F79EFBC}") = "006_ReaderWork", "006_ReaderWork\006_ReaderWork.csproj", "{50790A4B-8748-4952-BC86-A73E1C45C0C4}"
EndProject
Project("{FAE04EC0-301F-11D3-BF4B-00C04F79EFBC}") = "007_ExecuteCommandAsync", "ExecuteCommandAsync\007_ExecuteCommandAsync.csproj", "{BB660601-9B39-400A-94DE-40964AB012D8}"
EndProject
Project("{FAE04EC0-301F-11D3-BF4B-00C04F79EFBC}") = "008_PackageCommands", "008_PackageCommands\008_PackageCommands.csproj", "{E92C8670-425E-4547-A30D-E62AC03C0C5D}"
EndProject
Project("{FAE04EC0-301F-11D3-BF4B-00C04F79EFBC}") = "009_DBColumnNullValue", "009_DBColumnNullValue\009_DBColumnNullValue.csproj", "{7A72AF4A-7184-4590-9EA5-58E86E244843}"
EndProject
Global
	GlobalSection(SolutionConfigurationPlatforms) = preSolution
		Debug|Any CPU = Debug|Any CPU
		Release|Any CPU = Release|Any CPU
	EndGlobalSection
	GlobalSection(ProjectConfigurationPlatforms) = postSolution
		{F9917B6F-1AF5-4707-8643-C29200103963}.Debug|Any CPU.ActiveCfg = Debug|Any CPU
		{F9917B6F-1AF5-4707-8643-C29200103963}.Debug|Any CPU.Build.0 = Debug|Any CPU
		{F9917B6F-1AF5-4707-8643-C29200103963}.Release|Any CPU.ActiveCfg = Release|Any CPU
		{F9917B6F-1AF5-4707-8643-C29200103963}.Release|Any CPU.Build.0 = Release|Any CPU
		{52E7D04E-50DC-444E-9DEA-B28113A5FE14}.Debug|Any CPU.ActiveCfg = Debug|Any CPU
		{52E7D04E-50DC-444E-9DEA-B28113A5FE14}.Debug|Any CPU.Build.0 = Debug|Any CPU
		{52E7D04E-50DC-444E-9DEA-B28113A5FE14}.Release|Any CPU.ActiveCfg = Release|Any CPU
		{52E7D04E-50DC-444E-9DEA-B28113A5FE14}.Release|Any CPU.Build.0 = Release|Any CPU
		{47DAFF39-787A-40D8-87EA-2E1A26EFA514}.Debug|Any CPU.ActiveCfg = Debug|Any CPU
		{47DAFF39-787A-40D8-87EA-2E1A26EFA514}.Debug|Any CPU.Build.0 = Debug|Any CPU
		{47DAFF39-787A-40D8-87EA-2E1A26EFA514}.Release|Any CPU.ActiveCfg = Release|Any CPU
		{47DAFF39-787A-40D8-87EA-2E1A26EFA514}.Release|Any CPU.Build.0 = Release|Any CPU
		{21A44400-1586-4ED3-9ACE-283B2BCE28A7}.Debug|Any CPU.ActiveCfg = Debug|Any CPU
		{21A44400-1586-4ED3-9ACE-283B2BCE28A7}.Debug|Any CPU.Build.0 = Debug|Any CPU
		{21A44400-1586-4ED3-9ACE-283B2BCE28A7}.Release|Any CPU.ActiveCfg = Release|Any CPU
		{21A44400-1586-4ED3-9ACE-283B2BCE28A7}.Release|Any CPU.Build.0 = Release|Any CPU
		{701BFFBB-4692-4A87-BFCD-E90EDB37D019}.Debug|Any CPU.ActiveCfg = Debug|Any CPU
		{701BFFBB-4692-4A87-BFCD-E90EDB37D019}.Debug|Any CPU.Build.0 = Debug|Any CPU
		{701BFFBB-4692-4A87-BFCD-E90EDB37D019}.Release|Any CPU.ActiveCfg = Release|Any CPU
		{701BFFBB-4692-4A87-BFCD-E90EDB37D019}.Release|Any CPU.Build.0 = Release|Any CPU
		{50790A4B-8748-4952-BC86-A73E1C45C0C4}.Debug|Any CPU.ActiveCfg = Debug|Any CPU
		{50790A4B-8748-4952-BC86-A73E1C45C0C4}.Debug|Any CPU.Build.0 = Debug|Any CPU
		{50790A4B-8748-4952-BC86-A73E1C45C0C4}.Release|Any CPU.ActiveCfg = Release|Any CPU
		{50790A4B-8748-4952-BC86-A73E1C45C0C4}.Release|Any CPU.Build.0 = Release|Any CPU
		{BB660601-9B39-400A-94DE-40964AB012D8}.Debug|Any CPU.ActiveCfg = Debug|Any CPU
		{BB660601-9B39-400A-94DE-40964AB012D8}.Debug|Any CPU.Build.0 = Debug|Any CPU
		{BB660601-9B39-400A-94DE-40964AB012D8}.Release|Any CPU.ActiveCfg = Release|Any CPU
		{BB660601-9B39-400A-94DE-40964AB012D8}.Release|Any CPU.Build.0 = Release|Any CPU
		{E92C8670-425E-4547-A30D-E62AC03C0C5D}.Debug|Any CPU.ActiveCfg = Debug|Any CPU
		{E92C8670-425E-4547-A30D-E62AC03C0C5D}.Debug|Any CPU.Build.0 = Debug|Any CPU
		{E92C8670-425E-4547-A30D-E62AC03C0C5D}.Release|Any CPU.ActiveCfg = Release|Any CPU
		{E92C8670-425E-4547-A30D-E62AC03C0C5D}.Release|Any CPU.Build.0 = Release|Any CPU
		{7A72AF4A-7184-4590-9EA5-58E86E244843}.Debug|Any CPU.ActiveCfg = Debug|Any CPU
		{7A72AF4A-7184-4590-9EA5-58E86E244843}.Debug|Any CPU.Build.0 = Debug|Any CPU
		{7A72AF4A-7184-4590-9EA5-58E86E244843}.Release|Any CPU.ActiveCfg = Release|Any CPU
		{7A72AF4A-7184-4590-9EA5-58E86E244843}.Release|Any CPU.Build.0 = Release|Any CPU
	EndGlobalSection
	GlobalSection(SolutionProperties) = preSolution
		HideSolutionNode = FALSE
	EndGlobalSection
EndGlobal
