
Microsoft Visual Studio Solution File, Format Version 12.00
# Visual Studio 14
VisualStudioVersion = 14.0.25420.1
MinimumVisualStudioVersion = 10.0.40219.1
Project("{FAE04EC0-301F-11D3-BF4B-00C04F79EFBC}") = "001-Command", "Command\001-Command.csproj", "{F9917B6F-1AF5-4707-8643-C29200103963}"
EndProject
Project("{FAE04EC0-301F-11D3-BF4B-00C04F79EFBC}") = "002-ExcecuteScalarCommand", "002-ExcecuteCommand\002-ExcecuteScalarCommand.csproj", "{52E7D04E-50DC-444E-9DEA-B28113A5FE14}"
EndProject
Project("{FAE04EC0-301F-11D3-BF4B-00C04F79EFBC}") = "003_DeleteInsertCommand", "003_DeleteInsertCommand\003_DeleteInsertCommand.csproj", "{47DAFF39-787A-40D8-87EA-2E1A26EFA514}"
EndProject
Global
	GlobalSection(SolutionConfigurationPlatforms) = preSolution
		Debug|Any CPU = Debug|Any CPU
		Release|Any CPU = Release|Any CPU
	EndGlobalSection
	GlobalSection(ProjectConfigurationPlatforms) = postSolution
		{F9917B6F-1AF5-4707-8643-C29200103963}.Debug|Any CPU.ActiveCfg = Debug|Any CPU
		{F9917B6F-1AF5-4707-8643-C29200103963}.Debug|Any CPU.Build.0 = Debug|Any CPU
		{F9917B6F-1AF5-4707-8643-C29200103963}.Release|Any CPU.ActiveCfg = Release|Any CPU
		{F9917B6F-1AF5-4707-8643-C29200103963}.Release|Any CPU.Build.0 = Release|Any CPU
		{52E7D04E-50DC-444E-9DEA-B28113A5FE14}.Debug|Any CPU.ActiveCfg = Debug|Any CPU
		{52E7D04E-50DC-444E-9DEA-B28113A5FE14}.Debug|Any CPU.Build.0 = Debug|Any CPU
		{52E7D04E-50DC-444E-9DEA-B28113A5FE14}.Release|Any CPU.ActiveCfg = Release|Any CPU
		{52E7D04E-50DC-444E-9DEA-B28113A5FE14}.Release|Any CPU.Build.0 = Release|Any CPU
		{47DAFF39-787A-40D8-87EA-2E1A26EFA514}.Debug|Any CPU.ActiveCfg = Debug|Any CPU
		{47DAFF39-787A-40D8-87EA-2E1A26EFA514}.Debug|Any CPU.Build.0 = Debug|Any CPU
		{47DAFF39-787A-40D8-87EA-2E1A26EFA514}.Release|Any CPU.ActiveCfg = Release|Any CPU
		{47DAFF39-787A-40D8-87EA-2E1A26EFA514}.Release|Any CPU.Build.0 = Release|Any CPU
	EndGlobalSection
	GlobalSection(SolutionProperties) = preSolution
		HideSolutionNode = FALSE
	EndGlobalSection
EndGlobal
