
Microsoft Visual Studio Solution File, Format Version 12.00
# Visual Studio 14
VisualStudioVersion = 14.0.25420.1
MinimumVisualStudioVersion = 10.0.40219.1
Project("{FAE04EC0-301F-11D3-BF4B-00C04F79EFBC}") = "WPFBindingToSQL", "WPFBindingToSQL\WPFBindingToSQL.csproj", "{40F19A71-91E6-412C-AAE5-F18E406BF467}"
EndProject
Project("{00D1A9C2-B5F0-4AF3-8072-F6C62B433612}") = "DocumentDB", "DocumentDB\DocumentDB.sqlproj", "{1E4D19CC-3E7C-4E8B-9D13-81EC7453183A}"
EndProject
Global
	GlobalSection(SolutionConfigurationPlatforms) = preSolution
		Debug|Any CPU = Debug|Any CPU
		Release|Any CPU = Release|Any CPU
	EndGlobalSection
	GlobalSection(ProjectConfigurationPlatforms) = postSolution
		{40F19A71-91E6-412C-AAE5-F18E406BF467}.Debug|Any CPU.ActiveCfg = Debug|Any CPU
		{40F19A71-91E6-412C-AAE5-F18E406BF467}.Debug|Any CPU.Build.0 = Debug|Any CPU
		{40F19A71-91E6-412C-AAE5-F18E406BF467}.Release|Any CPU.ActiveCfg = Release|Any CPU
		{40F19A71-91E6-412C-AAE5-F18E406BF467}.Release|Any CPU.Build.0 = Release|Any CPU
		{1E4D19CC-3E7C-4E8B-9D13-81EC7453183A}.Debug|Any CPU.ActiveCfg = Debug|Any CPU
		{1E4D19CC-3E7C-4E8B-9D13-81EC7453183A}.Debug|Any CPU.Build.0 = Debug|Any CPU
		{1E4D19CC-3E7C-4E8B-9D13-81EC7453183A}.Debug|Any CPU.Deploy.0 = Debug|Any CPU
		{1E4D19CC-3E7C-4E8B-9D13-81EC7453183A}.Release|Any CPU.ActiveCfg = Release|Any CPU
		{1E4D19CC-3E7C-4E8B-9D13-81EC7453183A}.Release|Any CPU.Build.0 = Release|Any CPU
		{1E4D19CC-3E7C-4E8B-9D13-81EC7453183A}.Release|Any CPU.Deploy.0 = Release|Any CPU
	EndGlobalSection
	GlobalSection(SolutionProperties) = preSolution
		HideSolutionNode = FALSE
	EndGlobalSection
EndGlobal
